{
  "name": "test",
  "version": "1.0.0",
  "lockfileVersion": 1,
  "requires": true,
  "dependencies": {
    "elxai": {
      "version": "1.1.0",
      "resolved": "https://registry.npmjs.org/elxai/-/elxai-1.1.0.tgz",
      "integrity": "sha512-S+hasSPp6qB9KL2EKZj4U4FLjIeBN5xTFUnIIcOUlIQi3FJziJ/wPxQRqzfWeFL+nHkJO2Wu8smo/8LpDuHW5g=="
    }
  }
}
